{
  "name": "create-frag-app",
  "version": "0.1.4",
  "lockfileVersion": 2,
  "requires": true,
  "packages": {
    "": {
      "name": "create-frag-app",
      "version": "0.1.4",
      "license": "ISC",
      "dependencies": {
        "frag-components": "^0.1.4",
        "frag-router": "^0.1.1",
        "mime": "^3.0.0"
      }
    },
    "node_modules/frag-components": {
      "version": "0.1.5",
      "resolved": "https://registry.npmjs.org/frag-components/-/frag-components-0.1.4.tgz",
      "integrity": "sha512-wS68aB8uCUE6MFBKJGqf+pegtgRx2ZtwmiUzntExlEmhzlGJYdcDooa6k7Npv1fz82CNm5UiUZHs+iq5yO8ezg=="
    },
    "node_modules/frag-router": {
      "version": "0.1.1",
      "resolved": "https://registry.npmjs.org/frag-router/-/frag-router-0.1.1.tgz",
      "integrity": "sha512-mlM3CH431FP3ib0nZ0dOgJGiR0no8WMbsojzRIrD7Ddm5oyMZCJGKJMqy9J4Lf0IKhi79BG+EBjp1gJwkgT39Q==",
      "dependencies": {
        "mime": "^3.0.0"
      }
    },
    "node_modules/mime": {
      "version": "3.0.0",
      "resolved": "https://registry.npmjs.org/mime/-/mime-3.0.0.tgz",
      "integrity": "sha512-jSCU7/VB1loIWBZe14aEYHU/+1UMEHoaO7qxCOVJOw9GgH72VAWppxNcjU+x9a2k3GSIBXNKxXQFqRvvZ7vr3A==",
      "bin": {
        "mime": "cli.js"
      },
      "engines": {
        "node": ">=10.0.0"
      }
    }
  },
  "dependencies": {
    "frag-components": {
      "version": "0.1.4",
      "resolved": "https://registry.npmjs.org/frag-components/-/frag-components-0.1.4.tgz",
      "integrity": "sha512-wS68aB8uCUE6MFBKJGqf+pegtgRx2ZtwmiUzntExlEmhzlGJYdcDooa6k7Npv1fz82CNm5UiUZHs+iq5yO8ezg=="
    },
    "frag-router": {
      "version": "0.1.1",
      "resolved": "https://registry.npmjs.org/frag-router/-/frag-router-0.1.1.tgz",
      "integrity": "sha512-mlM3CH431FP3ib0nZ0dOgJGiR0no8WMbsojzRIrD7Ddm5oyMZCJGKJMqy9J4Lf0IKhi79BG+EBjp1gJwkgT39Q==",
      "requires": {
        "mime": "^3.0.0"
      }
    },
    "mime": {
      "version": "3.0.0",
      "resolved": "https://registry.npmjs.org/mime/-/mime-3.0.0.tgz",
      "integrity": "sha512-jSCU7/VB1loIWBZe14aEYHU/+1UMEHoaO7qxCOVJOw9GgH72VAWppxNcjU+x9a2k3GSIBXNKxXQFqRvvZ7vr3A=="
    }
  }
}
